
Microsoft Visual Studio Solution File, Format Version 12.00
# Visual Studio Version 16
VisualStudioVersion = 16.0.34729.46
MinimumVisualStudioVersion = 10.0.40219.1
Project("{FAE04EC0-301F-11D3-BF4B-00C04F79EFBC}") = "CollegeGrievanceCell", "CollegeGrievanceCell\CollegeGrievanceCell.csproj", "{B3726DFE-8A5F-4F0B-BF25-85964DF0820C}"
EndProject
Global
	GlobalSection(SolutionConfigurationPlatforms) = preSolution
		Debug|Any CPU = Debug|Any CPU
		Release|Any CPU = Release|Any CPU
	EndGlobalSection
	GlobalSection(ProjectConfigurationPlatforms) = postSolution
		{B3726DFE-8A5F-4F0B-BF25-85964DF0820C}.Debug|Any CPU.ActiveCfg = Debug|Any CPU
		{B3726DFE-8A5F-4F0B-BF25-85964DF0820C}.Debug|Any CPU.Build.0 = Debug|Any CPU
		{B3726DFE-8A5F-4F0B-BF25-85964DF0820C}.Release|Any CPU.ActiveCfg = Release|Any CPU
		{B3726DFE-8A5F-4F0B-BF25-85964DF0820C}.Release|Any CPU.Build.0 = Release|Any CPU
	EndGlobalSection
	GlobalSection(SolutionProperties) = preSolution
		HideSolutionNode = FALSE
	EndGlobalSection
	GlobalSection(ExtensibilityGlobals) = postSolution
		SolutionGuid = {0C6CF108-8CAE-4D6C-BD3B-A9A9A7634121}
	EndGlobalSection
EndGlobal
